
Microsoft Visual Studio Solution File, Format Version 12.00
# Visual Studio Version 17
VisualStudioVersion = 17.5.33502.453
MinimumVisualStudioVersion = 10.0.40219.1
Project("{FAE04EC0-301F-11D3-BF4B-00C04F79EFBC}") = "start", "start\start.csproj", "{EB93640C-0A49-4DA2-95F5-5E0BE87BF722}"
EndProject
Global
	GlobalSection(SolutionConfigurationPlatforms) = preSolution
		Debug|Any CPU = Debug|Any CPU
		Release|Any CPU = Release|Any CPU
	EndGlobalSection
	GlobalSection(ProjectConfigurationPlatforms) = postSolution
		{EB93640C-0A49-4DA2-95F5-5E0BE87BF722}.Debug|Any CPU.ActiveCfg = Debug|Any CPU
		{EB93640C-0A49-4DA2-95F5-5E0BE87BF722}.Debug|Any CPU.Build.0 = Debug|Any CPU
		{EB93640C-0A49-4DA2-95F5-5E0BE87BF722}.Release|Any CPU.ActiveCfg = Release|Any CPU
		{EB93640C-0A49-4DA2-95F5-5E0BE87BF722}.Release|Any CPU.Build.0 = Release|Any CPU
	EndGlobalSection
	GlobalSection(SolutionProperties) = preSolution
		HideSolutionNode = FALSE
	EndGlobalSection
	GlobalSection(ExtensibilityGlobals) = postSolution
		SolutionGuid = {24FEE5C2-AD1E-4ABA-869C-E507563E6C0B}
	EndGlobalSection
EndGlobal
